
Microsoft Visual Studio Solution File, Format Version 12.00
# Visual Studio Version 16
VisualStudioVersion = 16.0.30804.86
MinimumVisualStudioVersion = 10.0.40219.1
Project("{8BC9CEB8-8B4A-11D0-8D11-00A0C91BC942}") = "Project2D", "Project2D\Project2D.vcxproj", "{044DD194-B947-4B70-89B2-C01A9213C9DB}"
EndProject
Project("{8BC9CEB8-8B4A-11D0-8D11-00A0C91BC942}") = "Logic", "Logic\Logic.vcxproj", "{3B506D7A-19C2-4C91-8A95-D262F1F3FA2A}"
EndProject
Global
	GlobalSection(SolutionConfigurationPlatforms) = preSolution
		Debug|x64 = Debug|x64
		Debug|x86 = Debug|x86
		Release|x64 = Release|x64
		Release|x86 = Release|x86
	EndGlobalSection
	GlobalSection(ProjectConfigurationPlatforms) = postSolution
		{044DD194-B947-4B70-89B2-C01A9213C9DB}.Debug|x64.ActiveCfg = Debug|x64
		{044DD194-B947-4B70-89B2-C01A9213C9DB}.Debug|x64.Build.0 = Debug|x64
		{044DD194-B947-4B70-89B2-C01A9213C9DB}.Debug|x86.ActiveCfg = Debug|Win32
		{044DD194-B947-4B70-89B2-C01A9213C9DB}.Debug|x86.Build.0 = Debug|Win32
		{044DD194-B947-4B70-89B2-C01A9213C9DB}.Release|x64.ActiveCfg = Release|x64
		{044DD194-B947-4B70-89B2-C01A9213C9DB}.Release|x64.Build.0 = Release|x64
		{044DD194-B947-4B70-89B2-C01A9213C9DB}.Release|x86.ActiveCfg = Release|Win32
		{044DD194-B947-4B70-89B2-C01A9213C9DB}.Release|x86.Build.0 = Release|Win32
		{3B506D7A-19C2-4C91-8A95-D262F1F3FA2A}.Debug|x64.ActiveCfg = Debug|x64
		{3B506D7A-19C2-4C91-8A95-D262F1F3FA2A}.Debug|x64.Build.0 = Debug|x64
		{3B506D7A-19C2-4C91-8A95-D262F1F3FA2A}.Debug|x86.ActiveCfg = Debug|Win32
		{3B506D7A-19C2-4C91-8A95-D262F1F3FA2A}.Debug|x86.Build.0 = Debug|Win32
		{3B506D7A-19C2-4C91-8A95-D262F1F3FA2A}.Release|x64.ActiveCfg = Release|x64
		{3B506D7A-19C2-4C91-8A95-D262F1F3FA2A}.Release|x64.Build.0 = Release|x64
		{3B506D7A-19C2-4C91-8A95-D262F1F3FA2A}.Release|x86.ActiveCfg = Release|Win32
		{3B506D7A-19C2-4C91-8A95-D262F1F3FA2A}.Release|x86.Build.0 = Release|Win32
	EndGlobalSection
	GlobalSection(SolutionProperties) = preSolution
		HideSolutionNode = FALSE
	EndGlobalSection
	GlobalSection(ExtensibilityGlobals) = postSolution
		SolutionGuid = {A7E6EDE1-CAB4-4225-8F6B-827D5C3C649D}
	EndGlobalSection
EndGlobal
