<?xml version="1.0" encoding="utf-8"?>
<Project ToolsVersion="4.0" xmlns="http://schemas.microsoft.com/developer/msbuild/2003">
  <ItemGroup>
    <Filter Include="MemoryManager">
      <UniqueIdentifier>{c6832676-ce33-4496-b471-660a67eab368}</UniqueIdentifier>
    </Filter>
    <Filter Include="MemoryManager\Allocators">
      <UniqueIdentifier>{ac134ae3-e6eb-4d32-9c84-c6701c362294}</UniqueIdentifier>
    </Filter>
    <Filter Include="Utilities">
      <UniqueIdentifier>{9cdbea29-77c0-416a-aad3-0583efafd8f4}</UniqueIdentifier>
    </Filter>
    <Filter Include="Utilities\HashFunction">
      <UniqueIdentifier>{1bd9abe1-3421-4ea7-9cde-cbab3f6f0ebd}</UniqueIdentifier>
    </Filter>
    <Filter Include="ResourceManager">
      <UniqueIdentifier>{f18abee0-76ac-4b84-9ecd-e4b4c35cceef}</UniqueIdentifier>
    </Filter>
    <Filter Include="ResourceManager\Zip">
      <UniqueIdentifier>{86292ded-5ce3-47a6-b1f5-5b839ee235ff}</UniqueIdentifier>
    </Filter>
    <Filter Include="Multithreading">
      <UniqueIdentifier>{f8ddc09e-fb73-4ebb-9acb-5102b3a8df93}</UniqueIdentifier>
    </Filter>
    <Filter Include="Utilities\WildcardMatch">
      <UniqueIdentifier>{5be5df5c-b00a-43e2-a441-3d0442d31225}</UniqueIdentifier>
    </Filter>
    <Filter Include="EntityManager">
      <UniqueIdentifier>{7b44534f-33a4-4d41-806b-7756092f0206}</UniqueIdentifier>
    </Filter>
    <Filter Include="EntityManager\EntityComponents">
      <UniqueIdentifier>{42098e19-a325-4e34-b10c-0a55493e580b}</UniqueIdentifier>
    </Filter>
    <Filter Include="Graphics">
      <UniqueIdentifier>{da0af92a-49bb-46f9-9a8c-fcc4ac78d98c}</UniqueIdentifier>
    </Filter>
    <Filter Include="BaseGameLogic">
      <UniqueIdentifier>{a2a49a0c-0062-4ea2-b778-a6210a627016}</UniqueIdentifier>
    </Filter>
    <Filter Include="UserInterfaces">
      <UniqueIdentifier>{4c04422e-4e6f-4796-b51a-042c054847e1}</UniqueIdentifier>
    </Filter>
    <Filter Include="Graphics\D3D11">
      <UniqueIdentifier>{7cef37f2-033d-41d5-87f8-2afae44ae55e}</UniqueIdentifier>
    </Filter>
    <Filter Include="Graphics\D3D11\Resources">
      <UniqueIdentifier>{5b264a7a-dc2e-45d6-9e80-dc2283608c29}</UniqueIdentifier>
    </Filter>
    <Filter Include="Utilities\PugiXML">
      <UniqueIdentifier>{836252e0-8ef5-46c2-aaca-8210bd05b299}</UniqueIdentifier>
    </Filter>
    <Filter Include="Utilities\XML_TypeReader">
      <UniqueIdentifier>{ddbe4ee7-afd6-44a2-bd18-21e89518aadb}</UniqueIdentifier>
    </Filter>
    <Filter Include="EntityManager\EntityComponents\Canvas">
      <UniqueIdentifier>{4c324dd9-17af-4c5c-a4c2-d60fa8e4922d}</UniqueIdentifier>
    </Filter>
  </ItemGroup>
  <ItemGroup>
    <ClCompile Include="MemoryManager\Heap.cpp">
      <Filter>MemoryManager</Filter>
    </ClCompile>
    <ClCompile Include="MemoryManager\MemoryManager.cpp">
      <Filter>MemoryManager</Filter>
    </ClCompile>
    <ClCompile Include="MemoryManager\Allocators\AllocatorsUtilities.cpp">
      <Filter>MemoryManager\Allocators</Filter>
    </ClCompile>
    <ClCompile Include="MemoryManager\Allocators\ChunkAllocator.cpp">
      <Filter>MemoryManager\Allocators</Filter>
    </ClCompile>
    <ClCompile Include="MemoryManager\Allocators\LinkingPoolAllocator.cpp">
      <Filter>MemoryManager\Allocators</Filter>
    </ClCompile>
    <ClCompile Include="MemoryManager\Allocators\PoolAllocator.cpp">
      <Filter>MemoryManager\Allocators</Filter>
    </ClCompile>
    <ClCompile Include="Utilities\HashFunction\CRC32.cpp">
      <Filter>Utilities\HashFunction</Filter>
    </ClCompile>
    <ClCompile Include="Utilities\HashFunction\SpookyV2.cpp">
      <Filter>Utilities\HashFunction</Filter>
    </ClCompile>
    <ClCompile Include="ResourceManager\ResourceManager.cpp">
      <Filter>ResourceManager</Filter>
    </ClCompile>
    <ClCompile Include="ResourceManager\ResourceName.cpp">
      <Filter>ResourceManager</Filter>
    </ClCompile>
    <ClCompile Include="ResourceManager\Zip\ZipFile.cpp">
      <Filter>ResourceManager\Zip</Filter>
    </ClCompile>
    <ClCompile Include="ResourceManager\Zip\ZipFileSystem.cpp">
      <Filter>ResourceManager\Zip</Filter>
    </ClCompile>
    <ClCompile Include="Main.cpp" />
    <ClCompile Include="ResourceManager\ResourceAsyncLoader.cpp">
      <Filter>ResourceManager</Filter>
    </ClCompile>
    <ClCompile Include="Multithreading\Thread.cpp">
      <Filter>Multithreading</Filter>
    </ClCompile>
    <ClCompile Include="ResourceManager\NativeFileSystem.cpp">
      <Filter>ResourceManager</Filter>
    </ClCompile>
    <ClCompile Include="ResourceManager\ResourceCreator.cpp">
      <Filter>ResourceManager</Filter>
    </ClCompile>
    <ClCompile Include="ResourceManager\ResourceReference.cpp">
      <Filter>ResourceManager</Filter>
    </ClCompile>
    <ClCompile Include="Utilities\WildcardMatch\WildcardMatch.cpp">
      <Filter>Utilities\WildcardMatch</Filter>
    </ClCompile>
    <ClCompile Include="EntityManager\Entity.cpp">
      <Filter>EntityManager</Filter>
    </ClCompile>
    <ClCompile Include="EntityManager\EntityComponent.cpp">
      <Filter>EntityManager</Filter>
    </ClCompile>
    <ClCompile Include="EntityManager\EntityManager.cpp">
      <Filter>EntityManager</Filter>
    </ClCompile>
    <ClCompile Include="EntityManager\EntityComponentManager.cpp">
      <Filter>EntityManager</Filter>
    </ClCompile>
    <ClCompile Include="BaseGameLogic\Level.cpp">
      <Filter>BaseGameLogic</Filter>
    </ClCompile>
    <ClCompile Include="BaseGameLogic\LevelManager.cpp">
      <Filter>BaseGameLogic</Filter>
    </ClCompile>
    <ClCompile Include="Graphics\Node.cpp">
      <Filter>Graphics</Filter>
    </ClCompile>
    <ClCompile Include="Graphics\Scene.cpp">
      <Filter>Graphics</Filter>
    </ClCompile>
    <ClCompile Include="UserInterfaces\UserInterfaces.cpp">
      <Filter>UserInterfaces</Filter>
    </ClCompile>
    <ClCompile Include="Graphics\D3D11\D3D11.cpp">
      <Filter>Graphics\D3D11</Filter>
    </ClCompile>
    <ClCompile Include="Graphics\D3D11\D3D11Renderer.cpp">
      <Filter>Graphics\D3D11</Filter>
    </ClCompile>
    <ClCompile Include="Graphics\D3D11\D3D11Verteces.cpp">
      <Filter>Graphics\D3D11</Filter>
    </ClCompile>
    <ClCompile Include="Graphics\D3D11\D3D11Sprite.cpp">
      <Filter>Graphics\D3D11</Filter>
    </ClCompile>
    <ClCompile Include="Graphics\D3D11\Resources\D3D11ShaderMaterialProperties.cpp">
      <Filter>Graphics\D3D11\Resources</Filter>
    </ClCompile>
    <ClCompile Include="Graphics\D3D11\Resources\D3D11ShaderResource.cpp">
      <Filter>Graphics\D3D11\Resources</Filter>
    </ClCompile>
    <ClCompile Include="Graphics\D3D11\Resources\D3D11ShaderResourceCreator.cpp">
      <Filter>Graphics\D3D11\Resources</Filter>
    </ClCompile>
    <ClCompile Include="Graphics\D3D11\Resources\D3D11MaterialResource.cpp">
      <Filter>Graphics\D3D11\Resources</Filter>
    </ClCompile>
    <ClCompile Include="Utilities\PugiXML\pugixml.cpp">
      <Filter>Utilities\PugiXML</Filter>
    </ClCompile>
    <ClCompile Include="Utilities\XML_TypesReader\XML_TypesReader.cpp">
      <Filter>Utilities\XML_TypeReader</Filter>
    </ClCompile>
    <ClCompile Include="Graphics\D3D11\Resources\D3D11MaterialResourceCreator.cpp">
      <Filter>Graphics\D3D11\Resources</Filter>
    </ClCompile>
    <ClCompile Include="Graphics\D3D11\WICTextureLoader11.cpp">
      <Filter>Graphics\D3D11</Filter>
    </ClCompile>
    <ClCompile Include="Graphics\D3D11\Resources\D3D11TextureResource.cpp">
      <Filter>Graphics\D3D11\Resources</Filter>
    </ClCompile>
    <ClCompile Include="Graphics\D3D11\Resources\D3D11TextureResourceCreator.cpp">
      <Filter>Graphics\D3D11\Resources</Filter>
    </ClCompile>
    <ClCompile Include="EntityManager\EntityComponents\SpriteRendererEntityComponent.cpp">
      <Filter>EntityManager\EntityComponents</Filter>
    </ClCompile>
    <ClCompile Include="MemoryManager\Allocators\ArrayPoolAllocator.cpp">
      <Filter>MemoryManager\Allocators</Filter>
    </ClCompile>
    <ClCompile Include="Graphics\RenderingOrder.cpp">
      <Filter>Graphics</Filter>
    </ClCompile>
    <ClCompile Include="UserInterfaces\Input.cpp">
      <Filter>UserInterfaces</Filter>
    </ClCompile>
    <ClCompile Include="Graphics\Transform.cpp">
      <Filter>Graphics</Filter>
    </ClCompile>
    <ClCompile Include="EntityManager\EntityComponents\Canvas\CanvasSpriteRendererEntityComponent.cpp">
      <Filter>EntityManager\EntityComponents\Canvas</Filter>
    </ClCompile>
    <ClCompile Include="EntityManager\EntityComponentReference.cpp">
      <Filter>EntityManager</Filter>
    </ClCompile>
    <ClCompile Include="EntityManager\EntityComponentHandler.cpp">
      <Filter>EntityManager</Filter>
    </ClCompile>
  </ItemGroup>
  <ItemGroup>
    <ClInclude Include="MemoryManager\Heap.h">
      <Filter>MemoryManager</Filter>
    </ClInclude>
    <ClInclude Include="MemoryManager\MemoryManager.h">
      <Filter>MemoryManager</Filter>
    </ClInclude>
    <ClInclude Include="MemoryManager\Allocators\AllocatorsUtilities.h">
      <Filter>MemoryManager\Allocators</Filter>
    </ClInclude>
    <ClInclude Include="MemoryManager\Allocators\ChunkAllocator.h">
      <Filter>MemoryManager\Allocators</Filter>
    </ClInclude>
    <ClInclude Include="MemoryManager\Allocators\LinkingPoolAllocator.h">
      <Filter>MemoryManager\Allocators</Filter>
    </ClInclude>
    <ClInclude Include="MemoryManager\Allocators\PoolAllocator.h">
      <Filter>MemoryManager\Allocators</Filter>
    </ClInclude>
    <ClInclude Include="MemoryManager\Allocators\PoolAllocatorVector.h">
      <Filter>MemoryManager\Allocators</Filter>
    </ClInclude>
    <ClInclude Include="Utilities\HashFunction\CRC32.h">
      <Filter>Utilities\HashFunction</Filter>
    </ClInclude>
    <ClInclude Include="Utilities\HashFunction\SpookyV2.h">
      <Filter>Utilities\HashFunction</Filter>
    </ClInclude>
    <ClInclude Include="ResourceManager\FileSystem.h">
      <Filter>ResourceManager</Filter>
    </ClInclude>
    <ClInclude Include="ResourceManager\NativeFileSystem.h">
      <Filter>ResourceManager</Filter>
    </ClInclude>
    <ClInclude Include="ResourceManager\Resource.h">
      <Filter>ResourceManager</Filter>
    </ClInclude>
    <ClInclude Include="ResourceManager\ResourceAsyncLoader.h">
      <Filter>ResourceManager</Filter>
    </ClInclude>
    <ClInclude Include="ResourceManager\ResourceCreator.h">
      <Filter>ResourceManager</Filter>
    </ClInclude>
    <ClInclude Include="ResourceManager\ResourceHandler.h">
      <Filter>ResourceManager</Filter>
    </ClInclude>
    <ClInclude Include="ResourceManager\ResourceManager.h">
      <Filter>ResourceManager</Filter>
    </ClInclude>
    <ClInclude Include="ResourceManager\ResourceName.h">
      <Filter>ResourceManager</Filter>
    </ClInclude>
    <ClInclude Include="ResourceManager\ResourceReference.h">
      <Filter>ResourceManager</Filter>
    </ClInclude>
    <ClInclude Include="ResourceManager\ResourceType.h">
      <Filter>ResourceManager</Filter>
    </ClInclude>
    <ClInclude Include="ResourceManager\Zip\ZipFile.h">
      <Filter>ResourceManager\Zip</Filter>
    </ClInclude>
    <ClInclude Include="ResourceManager\Zip\ZipFileSystem.h">
      <Filter>ResourceManager\Zip</Filter>
    </ClInclude>
    <ClInclude Include="MemoryManager\CustomHeapAllocator.h">
      <Filter>MemoryManager</Filter>
    </ClInclude>
    <ClInclude Include="Multithreading\ThreadItemQueue.h">
      <Filter>Multithreading</Filter>
    </ClInclude>
    <ClInclude Include="Multithreading\Thread.h">
      <Filter>Multithreading</Filter>
    </ClInclude>
    <ClInclude Include="Utilities\WildcardMatch\WildcardMatch.h">
      <Filter>Utilities\WildcardMatch</Filter>
    </ClInclude>
    <ClInclude Include="EntityManager\Entity.h">
      <Filter>EntityManager</Filter>
    </ClInclude>
    <ClInclude Include="EntityManager\EntityComponent.h">
      <Filter>EntityManager</Filter>
    </ClInclude>
    <ClInclude Include="EntityManager\EntityComponentManager.h">
      <Filter>EntityManager</Filter>
    </ClInclude>
    <ClInclude Include="EntityManager\EntityComponentType.h">
      <Filter>EntityManager</Filter>
    </ClInclude>
    <ClInclude Include="EntityManager\EntityManager.h">
      <Filter>EntityManager</Filter>
    </ClInclude>
    <ClInclude Include="EntityManager\EntityComponentHandler.h">
      <Filter>EntityManager</Filter>
    </ClInclude>
    <ClInclude Include="EntityManager\EntityHandler.h">
      <Filter>EntityManager</Filter>
    </ClInclude>
    <ClInclude Include="Graphics\Node.h">
      <Filter>Graphics</Filter>
    </ClInclude>
    <ClInclude Include="Graphics\Scene.h">
      <Filter>Graphics</Filter>
    </ClInclude>
    <ClInclude Include="Graphics\Transform.h">
      <Filter>Graphics</Filter>
    </ClInclude>
    <ClInclude Include="BaseGameLogic\Level.h">
      <Filter>BaseGameLogic</Filter>
    </ClInclude>
    <ClInclude Include="BaseGameLogic\LevelManager.h">
      <Filter>BaseGameLogic</Filter>
    </ClInclude>
    <ClInclude Include="Graphics\NodeHandler.h">
      <Filter>Graphics</Filter>
    </ClInclude>
    <ClInclude Include="Graphics\TransformHandler.h">
      <Filter>Graphics</Filter>
    </ClInclude>
    <ClInclude Include="UserInterfaces\UserInterfaces.h">
      <Filter>UserInterfaces</Filter>
    </ClInclude>
    <ClInclude Include="Graphics\D3D11\D3D11.h">
      <Filter>Graphics\D3D11</Filter>
    </ClInclude>
    <ClInclude Include="Graphics\D3D11\D3D11Renderer.h">
      <Filter>Graphics\D3D11</Filter>
    </ClInclude>
    <ClInclude Include="Graphics\D3D11\D3D11Sprite.h">
      <Filter>Graphics\D3D11</Filter>
    </ClInclude>
    <ClInclude Include="Graphics\D3D11\D3D11Verteces.h">
      <Filter>Graphics\D3D11</Filter>
    </ClInclude>
    <ClInclude Include="Graphics\D3D11\Resources\D3D11ShaderMaterialProperties.h">
      <Filter>Graphics\D3D11\Resources</Filter>
    </ClInclude>
    <ClInclude Include="Graphics\D3D11\Resources\D3D11ShaderResource.h">
      <Filter>Graphics\D3D11\Resources</Filter>
    </ClInclude>
    <ClInclude Include="Graphics\D3D11\Resources\D3D11ShaderResourceCreator.h">
      <Filter>Graphics\D3D11\Resources</Filter>
    </ClInclude>
    <ClInclude Include="Graphics\D3D11\Resources\D3D11MaterialResource.h">
      <Filter>Graphics\D3D11\Resources</Filter>
    </ClInclude>
    <ClInclude Include="Utilities\PugiXML\pugiconfig.hpp">
      <Filter>Utilities\PugiXML</Filter>
    </ClInclude>
    <ClInclude Include="Utilities\PugiXML\pugixml.hpp">
      <Filter>Utilities\PugiXML</Filter>
    </ClInclude>
    <ClInclude Include="Utilities\XML_TypesReader\XML_TypesReader.h">
      <Filter>Utilities\XML_TypeReader</Filter>
    </ClInclude>
    <ClInclude Include="Graphics\D3D11\Resources\D3D11MaterialResourceCreator.h">
      <Filter>Graphics\D3D11\Resources</Filter>
    </ClInclude>
    <ClInclude Include="Graphics\D3D11\Resources\D3D11TextureResourceCreator.h">
      <Filter>Graphics\D3D11\Resources</Filter>
    </ClInclude>
    <ClInclude Include="Graphics\D3D11\Resources\D3D11TextureResource.h">
      <Filter>Graphics\D3D11\Resources</Filter>
    </ClInclude>
    <ClInclude Include="Graphics\D3D11\WICTextureLoader11.h">
      <Filter>Graphics\D3D11</Filter>
    </ClInclude>
    <ClInclude Include="ResourceManager\ResourceCreatorType.h">
      <Filter>ResourceManager</Filter>
    </ClInclude>
    <ClInclude Include="EntityManager\EntityComponents\SpriteRendererEntityComponent.h">
      <Filter>EntityManager\EntityComponents</Filter>
    </ClInclude>
    <ClInclude Include="MemoryManager\Allocators\ArrayPoolAllocator.h">
      <Filter>MemoryManager\Allocators</Filter>
    </ClInclude>
    <ClInclude Include="EntityManager\EntityManagerTypes.h">
      <Filter>EntityManager</Filter>
    </ClInclude>
    <ClInclude Include="Graphics\RenderingOrder.h">
      <Filter>Graphics</Filter>
    </ClInclude>
    <ClInclude Include="Graphics\RenderingData.h">
      <Filter>Graphics</Filter>
    </ClInclude>
    <ClInclude Include="UserInterfaces\Input.h">
      <Filter>UserInterfaces</Filter>
    </ClInclude>
    <ClInclude Include="EntityManager\EntityComponents\Canvas\CanvasSpriteRendererEntityComponent.h">
      <Filter>EntityManager\EntityComponents\Canvas</Filter>
    </ClInclude>
    <ClInclude Include="EntityManager\EntityComponentReference.h">
      <Filter>EntityManager</Filter>
    </ClInclude>
    <ClInclude Include="Graphics\SceneTypes.h">
      <Filter>Graphics</Filter>
    </ClInclude>
  </ItemGroup>
  <ItemGroup>
    <Natvis Include="RenderingOrder.natvis">
      <Filter>Graphics</Filter>
    </Natvis>
  </ItemGroup>
</Project>